schema: '2.0'
stages:
  preprocess:
    cmd: python3 src/preprocess.py
    deps:
    - path: configs/train_config.yaml
      hash: md5
      md5: f43c2f0afd6e6fafd7138cd52442c0fe
      size: 787
    - path: data/raw
      hash: md5
      md5: 019030e631dc206ff083cd4a2cf80287.dir
      size: 2717205
      nfiles: 2
    - path: src/preprocess.py
      hash: md5
      md5: 5ff3f92595e41b50dd61522b8444c079
      size: 2892
    outs:
    - path: data/processed/dataset.csv
      hash: md5
      md5: 0997827dc4ad1ef943ae4b6104fff943
      size: 7225780
  train:
    cmd: python3 src/train_models.py
    deps:
    - path: configs/train_config.yaml
      hash: md5
      md5: f43c2f0afd6e6fafd7138cd52442c0fe
      size: 787
    - path: data/processed/dataset.csv
      hash: md5
      md5: 0997827dc4ad1ef943ae4b6104fff943
      size: 7225780
    - path: src/train_models.py
      hash: md5
      md5: 7d660a0aedfe4d786f0e59bd54844343
      size: 3157
    outs:
    - path: models/labels.joblib
      hash: md5
      md5: 6156fdaa181b0e0ff3792632cf17d352
      size: 568
    - path: models/model.joblib
      hash: md5
      md5: 7a3641ca8e3b21253aa7586e4eff636a
      size: 128699
    - path: models/results_baseline.csv
      hash: md5
      md5: 30f377a99e75ce0c6aebb0f2337b5e8e
      size: 301
    - path: models/results_summary.csv
      hash: md5
      md5: 30f377a99e75ce0c6aebb0f2337b5e8e
      size: 301
    - path: models/vectorizer.joblib
      hash: md5
      md5: ac5091b02d0fff630273312f6399f70d
      size: 901545
